
Microsoft Visual Studio Solution File, Format Version 12.00
# Visual Studio Version 17
VisualStudioVersion = 17.11.35327.3
MinimumVisualStudioVersion = 10.0.40219.1
Project("{FAE04EC0-301F-11D3-BF4B-00C04F79EFBC}") = "BattleShipGame", "BattleShipGame\BattleShipGame.csproj", "{DD764551-F8D8-4966-BB75-8162943115DC}"
EndProject
Global
	GlobalSection(SolutionConfigurationPlatforms) = preSolution
		Debug|Any CPU = Debug|Any CPU
		Release|Any CPU = Release|Any CPU
	EndGlobalSection
	GlobalSection(ProjectConfigurationPlatforms) = postSolution
		{DD764551-F8D8-4966-BB75-8162943115DC}.Debug|Any CPU.ActiveCfg = Debug|Any CPU
		{DD764551-F8D8-4966-BB75-8162943115DC}.Debug|Any CPU.Build.0 = Debug|Any CPU
		{DD764551-F8D8-4966-BB75-8162943115DC}.Release|Any CPU.ActiveCfg = Release|Any CPU
		{DD764551-F8D8-4966-BB75-8162943115DC}.Release|Any CPU.Build.0 = Release|Any CPU
	EndGlobalSection
	GlobalSection(SolutionProperties) = preSolution
		HideSolutionNode = FALSE
	EndGlobalSection
	GlobalSection(ExtensibilityGlobals) = postSolution
		SolutionGuid = {FFEF84D2-DAE7-4865-B3E1-8F1F7A37306A}
	EndGlobalSection
EndGlobal
